
Microsoft Visual Studio Solution File, Format Version 12.00
# Visual Studio Version 16
VisualStudioVersion = 16.0.29827.131
MinimumVisualStudioVersion = 10.0.40219.1
Project("{9A19103F-16F7-4668-BE54-9A1E7A4F7556}") = "Nwassa", "Nwassa.csproj", "{11808900-EDBC-4DAB-AC23-097C34D36DAE}"
EndProject
Project("{2150E333-8FDC-42A3-9474-1A3956D46DE8}") = "Solution Items", "Solution Items", "{8963E807-8ACD-492E-98ED-6A4295118E72}"
	ProjectSection(SolutionItems) = preProject
		.editorconfig = .editorconfig
	EndProjectSection
EndProject
Global
	GlobalSection(SolutionConfigurationPlatforms) = preSolution
		Debug|Any CPU = Debug|Any CPU
		Release|Any CPU = Release|Any CPU
	EndGlobalSection
	GlobalSection(ProjectConfigurationPlatforms) = postSolution
		{11808900-EDBC-4DAB-AC23-097C34D36DAE}.Debug|Any CPU.ActiveCfg = Debug|Any CPU
		{11808900-EDBC-4DAB-AC23-097C34D36DAE}.Debug|Any CPU.Build.0 = Debug|Any CPU
		{11808900-EDBC-4DAB-AC23-097C34D36DAE}.Release|Any CPU.ActiveCfg = Release|Any CPU
		{11808900-EDBC-4DAB-AC23-097C34D36DAE}.Release|Any CPU.Build.0 = Release|Any CPU
	EndGlobalSection
	GlobalSection(SolutionProperties) = preSolution
		HideSolutionNode = FALSE
	EndGlobalSection
	GlobalSection(ExtensibilityGlobals) = postSolution
		SolutionGuid = {72BB7C91-B1F8-454F-A8C4-591E114D9F14}
	EndGlobalSection
EndGlobal
